
Microsoft Visual Studio Solution File, Format Version 12.00
# Visual Studio 15
VisualStudioVersion = 15.0.28010.2003
MinimumVisualStudioVersion = 10.0.40219.1
Project("{FAE04EC0-301F-11D3-BF4B-00C04F79EFBC}") = "127Magikarps", "127Magikarps\127Magikarps.csproj", "{45F880CD-55CD-435E-A2B3-2271C128CAB6}"
EndProject
Global
	GlobalSection(SolutionConfigurationPlatforms) = preSolution
		Debug|Any CPU = Debug|Any CPU
		Release|Any CPU = Release|Any CPU
	EndGlobalSection
	GlobalSection(ProjectConfigurationPlatforms) = postSolution
		{45F880CD-55CD-435E-A2B3-2271C128CAB6}.Debug|Any CPU.ActiveCfg = Debug|Any CPU
		{45F880CD-55CD-435E-A2B3-2271C128CAB6}.Debug|Any CPU.Build.0 = Debug|Any CPU
		{45F880CD-55CD-435E-A2B3-2271C128CAB6}.Release|Any CPU.ActiveCfg = Release|Any CPU
		{45F880CD-55CD-435E-A2B3-2271C128CAB6}.Release|Any CPU.Build.0 = Release|Any CPU
	EndGlobalSection
	GlobalSection(SolutionProperties) = preSolution
		HideSolutionNode = FALSE
	EndGlobalSection
	GlobalSection(ExtensibilityGlobals) = postSolution
		SolutionGuid = {94A01CDF-19F4-41F1-8860-9685751966DE}
	EndGlobalSection
EndGlobal
